<Solution>
  <Folder Name="/src/">
    <Project Path="src/Restaurante.Api/Restaurante.Api.csproj" />
    <Project Path="src/Restaurante.Application/Restaurante.Application.csproj" />
    <Project Path="src/Restaurante.Bff/Restaurante.Bff.csproj" />
    <Project Path="src/Restaurante.Client/Restaurante.Client.csproj" />
    <Project Path="src/Restaurante.Domain/Restaurante.Domain.csproj" />
    <Project Path="src/Restaurante.Infrastructure/Restaurante.Infrastructure.csproj" />
    <Project Path="src/Restaurante.Web/Restaurante.Web.csproj" />
  </Folder>
  <Folder Name="/tests/">
    <Project Path="tests/Restaurante.Application.Tests/Restaurante.Application.Tests.csproj" />
    <Project Path="tests/Restaurante.Domain.Tests/Restaurante.Domain.Tests.csproj" />
  </Folder>
</Solution>
